
Microsoft Visual Studio Solution File, Format Version 12.00
# Visual Studio 14
VisualStudioVersion = 14.0.24720.0
MinimumVisualStudioVersion = 10.0.40219.1
Project("{FAE04EC0-301F-11D3-BF4B-00C04F79EFBC}") = "FileData", "FileData\FileData.csproj", "{0C777DF7-CC8E-4AC3-B3DD-075CFBC6C556}"
EndProject
Project("{FAE04EC0-301F-11D3-BF4B-00C04F79EFBC}") = "ThirdPartyTools", "ThirdPartyTools\ThirdPartyTools.csproj", "{16ADD673-64B2-43C8-92D9-EA5F2CC6863F}"
EndProject
Project("{FAE04EC0-301F-11D3-BF4B-00C04F79EFBC}") = "FileDataTests", "FileDataTests\FileDataTests.csproj", "{77EFC795-221D-48C6-BE53-7A9D3709B9EB}"
EndProject
Project("{FAE04EC0-301F-11D3-BF4B-00C04F79EFBC}") = "ThirdPartyToolsTests", "ThirdPartyToolsTests\ThirdPartyToolsTests.csproj", "{298F366C-DCDC-457E-849C-7B14C6EB0504}"
EndProject
Global
	GlobalSection(SolutionConfigurationPlatforms) = preSolution
		Debug|Any CPU = Debug|Any CPU
		Release|Any CPU = Release|Any CPU
	EndGlobalSection
	GlobalSection(ProjectConfigurationPlatforms) = postSolution
		{0C777DF7-CC8E-4AC3-B3DD-075CFBC6C556}.Debug|Any CPU.ActiveCfg = Debug|Any CPU
		{0C777DF7-CC8E-4AC3-B3DD-075CFBC6C556}.Debug|Any CPU.Build.0 = Debug|Any CPU
		{0C777DF7-CC8E-4AC3-B3DD-075CFBC6C556}.Release|Any CPU.ActiveCfg = Release|Any CPU
		{0C777DF7-CC8E-4AC3-B3DD-075CFBC6C556}.Release|Any CPU.Build.0 = Release|Any CPU
		{16ADD673-64B2-43C8-92D9-EA5F2CC6863F}.Debug|Any CPU.ActiveCfg = Debug|Any CPU
		{16ADD673-64B2-43C8-92D9-EA5F2CC6863F}.Debug|Any CPU.Build.0 = Debug|Any CPU
		{16ADD673-64B2-43C8-92D9-EA5F2CC6863F}.Release|Any CPU.ActiveCfg = Release|Any CPU
		{16ADD673-64B2-43C8-92D9-EA5F2CC6863F}.Release|Any CPU.Build.0 = Release|Any CPU
		{77EFC795-221D-48C6-BE53-7A9D3709B9EB}.Debug|Any CPU.ActiveCfg = Debug|Any CPU
		{77EFC795-221D-48C6-BE53-7A9D3709B9EB}.Debug|Any CPU.Build.0 = Debug|Any CPU
		{77EFC795-221D-48C6-BE53-7A9D3709B9EB}.Release|Any CPU.ActiveCfg = Release|Any CPU
		{77EFC795-221D-48C6-BE53-7A9D3709B9EB}.Release|Any CPU.Build.0 = Release|Any CPU
		{298F366C-DCDC-457E-849C-7B14C6EB0504}.Debug|Any CPU.ActiveCfg = Debug|Any CPU
		{298F366C-DCDC-457E-849C-7B14C6EB0504}.Debug|Any CPU.Build.0 = Debug|Any CPU
		{298F366C-DCDC-457E-849C-7B14C6EB0504}.Release|Any CPU.ActiveCfg = Release|Any CPU
		{298F366C-DCDC-457E-849C-7B14C6EB0504}.Release|Any CPU.Build.0 = Release|Any CPU
	EndGlobalSection
	GlobalSection(SolutionProperties) = preSolution
		HideSolutionNode = FALSE
	EndGlobalSection
EndGlobal
